
Microsoft Visual Studio Solution File, Format Version 12.00
# Visual Studio Version 17
VisualStudioVersion = 17.14.36616.10
MinimumVisualStudioVersion = 10.0.40219.1
Project("{FAE04EC0-301F-11D3-BF4B-00C04F79EFBC}") = "SneakerShop", "SneakerShop.csproj", "{14809C18-3A7C-4A43-BA4C-5CEFC72F36D6}"
EndProject
Global
	GlobalSection(SolutionConfigurationPlatforms) = preSolution
		Debug|Any CPU = Debug|Any CPU
		Release|Any CPU = Release|Any CPU
	EndGlobalSection
	GlobalSection(ProjectConfigurationPlatforms) = postSolution
		{14809C18-3A7C-4A43-BA4C-5CEFC72F36D6}.Debug|Any CPU.ActiveCfg = Debug|Any CPU
		{14809C18-3A7C-4A43-BA4C-5CEFC72F36D6}.Debug|Any CPU.Build.0 = Debug|Any CPU
		{14809C18-3A7C-4A43-BA4C-5CEFC72F36D6}.Release|Any CPU.ActiveCfg = Release|Any CPU
		{14809C18-3A7C-4A43-BA4C-5CEFC72F36D6}.Release|Any CPU.Build.0 = Release|Any CPU
	EndGlobalSection
	GlobalSection(SolutionProperties) = preSolution
		HideSolutionNode = FALSE
	EndGlobalSection
	GlobalSection(ExtensibilityGlobals) = postSolution
		SolutionGuid = {962ED475-D31A-465F-9AC4-481AA8CDD9D5}
	EndGlobalSection
EndGlobal
